
Microsoft Visual Studio Solution File, Format Version 11.00
# Visual Studio 2010
Project("{E24C65DC-7377-472B-9ABA-BC803B73C61A}") = "DongSen", "..\..\WebSites\DongSen\", "{8F542A7F-D560-42CF-B986-F40A3D4878FB}"
	ProjectSection(WebsiteProperties) = preProject
		TargetFrameworkMoniker = ".NETFramework,Version%3Dv3.5"
		Debug.AspNetCompiler.VirtualPath = "/DongSen"
		Debug.AspNetCompiler.PhysicalPath = "..\..\WebSites\DongSen\"
		Debug.AspNetCompiler.TargetPath = "PrecompiledWeb\DongSen\"
		Debug.AspNetCompiler.Updateable = "true"
		Debug.AspNetCompiler.ForceOverwrite = "true"
		Debug.AspNetCompiler.FixedNames = "false"
		Debug.AspNetCompiler.Debug = "True"
		Release.AspNetCompiler.VirtualPath = "/DongSen"
		Release.AspNetCompiler.PhysicalPath = "..\..\WebSites\DongSen\"
		Release.AspNetCompiler.TargetPath = "PrecompiledWeb\DongSen\"
		Release.AspNetCompiler.Updateable = "true"
		Release.AspNetCompiler.ForceOverwrite = "true"
		Release.AspNetCompiler.FixedNames = "false"
		Release.AspNetCompiler.Debug = "False"
		VWDPort = "4118"
		DefaultWebSiteLanguage = "Visual C#"
	EndProjectSection
EndProject
Global
	GlobalSection(SolutionConfigurationPlatforms) = preSolution
		Debug|Any CPU = Debug|Any CPU
	EndGlobalSection
	GlobalSection(ProjectConfigurationPlatforms) = postSolution
		{8F542A7F-D560-42CF-B986-F40A3D4878FB}.Debug|Any CPU.ActiveCfg = Debug|Any CPU
		{8F542A7F-D560-42CF-B986-F40A3D4878FB}.Debug|Any CPU.Build.0 = Debug|Any CPU
	EndGlobalSection
	GlobalSection(SolutionProperties) = preSolution
		HideSolutionNode = FALSE
	EndGlobalSection
EndGlobal
